// !$*UTF8*$!
{
	archiveVersion = 1;
	classes = {
	};
	objectVersion = 46;
	objects = {

/* Begin PBXBuildFile section */
		7F2EB89C145057F200E97A87 /* AppKit.framework in Frameworks */ = {isa = PBXBuildFile; fileRef = 7F2EB899145057EA00E97A87 /* AppKit.framework */; };
		D22B0BB316D4310D0035D03B /* Localizable.strings in CopyFiles */ = {isa = PBXBuildFile; fileRef = D2E2D2E216D42CE900447430 /* Localizable.strings */; };
		D2E2D2E616D42CF800447430 /* NSURL+JDPluginManager.m in Sources */ = {isa = PBXBuildFile; fileRef = D2E2D2E516D42CF800447430 /* NSURL+JDPluginManager.m */; };
		D2E2D2EB16D42D0C00447430 /* JDPluginInstaller.m in Sources */ = {isa = PBXBuildFile; fileRef = D2E2D2E816D42D0C00447430 /* JDPluginInstaller.m */; };
		D2E2D2EC16D42D0C00447430 /* JDPluginManager.m in Sources */ = {isa = PBXBuildFile; fileRef = D2E2D2EA16D42D0C00447430 /* JDPluginManager.m */; };
		DA1B5D020E64686800921439 /* Foundation.framework in Frameworks */ = {isa = PBXBuildFile; fileRef = 089C1672FE841209C02AAC07 /* Foundation.framework */; };
/* End PBXBuildFile section */

/* Begin PBXCopyFilesBuildPhase section */
		D277852A16C0589C001711DE /* CopyFiles */ = {
			isa = PBXCopyFilesBuildPhase;
			buildActionMask = 2147483647;
			dstPath = "";
			dstSubfolderSpec = 7;
			files = (
				D22B0BB316D4310D0035D03B /* Localizable.strings in CopyFiles */,
			);
			runOnlyForDeploymentPostprocessing = 0;
		};
/* End PBXCopyFilesBuildPhase section */

/* Begin PBXFileReference section */
		089C1672FE841209C02AAC07 /* Foundation.framework */ = {isa = PBXFileReference; lastKnownFileType = wrapper.framework; name = Foundation.framework; path = /System/Library/Frameworks/Foundation.framework; sourceTree = "<absolute>"; };
		7F2EB899145057EA00E97A87 /* AppKit.framework */ = {isa = PBXFileReference; lastKnownFileType = wrapper.framework; name = AppKit.framework; path = System/Library/Frameworks/AppKit.framework; sourceTree = SDKROOT; };
		8D5B49B6048680CD000E48DA /* JDPluginManager.xcplugin */ = {isa = PBXFileReference; explicitFileType = wrapper.cfbundle; includeInIndex = 0; path = JDPluginManager.xcplugin; sourceTree = BUILT_PRODUCTS_DIR; };
		D2E2D2E016D42CCC00447430 /* Info.plist */ = {isa = PBXFileReference; lastKnownFileType = text.plist.xml; name = Info.plist; path = JDPluginManager/Info.plist; sourceTree = "<group>"; };
		D2E2D2E216D42CE900447430 /* Localizable.strings */ = {isa = PBXFileReference; fileEncoding = 4; lastKnownFileType = text.plist.strings; name = Localizable.strings; path = JDPluginManager/Localizable.strings; sourceTree = "<group>"; };
		D2E2D2E316D42CF800447430 /* global.h */ = {isa = PBXFileReference; fileEncoding = 4; lastKnownFileType = sourcecode.c.h; name = global.h; path = JDPluginManager/global.h; sourceTree = SOURCE_ROOT; };
		D2E2D2E416D42CF800447430 /* NSURL+JDPluginManager.h */ = {isa = PBXFileReference; fileEncoding = 4; lastKnownFileType = sourcecode.c.h; name = "NSURL+JDPluginManager.h"; path = "JDPluginManager/NSURL+JDPluginManager.h"; sourceTree = SOURCE_ROOT; };
		D2E2D2E516D42CF800447430 /* NSURL+JDPluginManager.m */ = {isa = PBXFileReference; fileEncoding = 4; lastKnownFileType = sourcecode.c.objc; name = "NSURL+JDPluginManager.m"; path = "JDPluginManager/NSURL+JDPluginManager.m"; sourceTree = SOURCE_ROOT; };
		D2E2D2E716D42D0C00447430 /* JDPluginInstaller.h */ = {isa = PBXFileReference; fileEncoding = 4; lastKnownFileType = sourcecode.c.h; name = JDPluginInstaller.h; path = JDPluginManager/JDPluginInstaller.h; sourceTree = SOURCE_ROOT; };
		D2E2D2E816D42D0C00447430 /* JDPluginInstaller.m */ = {isa = PBXFileReference; fileEncoding = 4; lastKnownFileType = sourcecode.c.objc; name = JDPluginInstaller.m; path = JDPluginManager/JDPluginInstaller.m; sourceTree = SOURCE_ROOT; };
		D2E2D2E916D42D0C00447430 /* JDPluginManager.h */ = {isa = PBXFileReference; fileEncoding = 4; lastKnownFileType = sourcecode.c.h; name = JDPluginManager.h; path = JDPluginManager/JDPluginManager.h; sourceTree = SOURCE_ROOT; };
		D2E2D2EA16D42D0C00447430 /* JDPluginManager.m */ = {isa = PBXFileReference; fileEncoding = 4; lastKnownFileType = sourcecode.c.objc; name = JDPluginManager.m; path = JDPluginManager/JDPluginManager.m; sourceTree = SOURCE_ROOT; };
/* End PBXFileReference section */

/* Begin PBXFrameworksBuildPhase section */
		8D5B49B3048680CD000E48DA /* Frameworks */ = {
			isa = PBXFrameworksBuildPhase;
			buildActionMask = 2147483647;
			files = (
				DA1B5D020E64686800921439 /* Foundation.framework in Frameworks */,
				7F2EB89C145057F200E97A87 /* AppKit.framework in Frameworks */,
			);
			runOnlyForDeploymentPostprocessing = 0;
		};
/* End PBXFrameworksBuildPhase section */

/* Begin PBXGroup section */
		089C166AFE841209C02AAC07 /* QuietXcode */ = {
			isa = PBXGroup;
			children = (
				7F411B0C15FABAC6002F77B6 /* Classes */,
				D2813F6B16C11A4B00B2C4A4 /* Utils */,
				089C167CFE841241C02AAC07 /* Resources */,
				089C1671FE841209C02AAC07 /* Frameworks and Libraries */,
				19C28FB8FE9D52D311CA2CBB /* Products */,
			);
			name = QuietXcode;
			sourceTree = "<group>";
		};
		089C1671FE841209C02AAC07 /* Frameworks and Libraries */ = {
			isa = PBXGroup;
			children = (
				7F2EB899145057EA00E97A87 /* AppKit.framework */,
				089C1672FE841209C02AAC07 /* Foundation.framework */,
			);
			name = "Frameworks and Libraries";
			sourceTree = "<group>";
		};
		089C167CFE841241C02AAC07 /* Resources */ = {
			isa = PBXGroup;
			children = (
				D2E2D2E016D42CCC00447430 /* Info.plist */,
				D2E2D2E216D42CE900447430 /* Localizable.strings */,
			);
			name = Resources;
			sourceTree = "<group>";
		};
		19C28FB8FE9D52D311CA2CBB /* Products */ = {
			isa = PBXGroup;
			children = (
				8D5B49B6048680CD000E48DA /* JDPluginManager.xcplugin */,
			);
			name = Products;
			sourceTree = "<group>";
		};
		7F411B0C15FABAC6002F77B6 /* Classes */ = {
			isa = PBXGroup;
			children = (
				D2E2D2E716D42D0C00447430 /* JDPluginInstaller.h */,
				D2E2D2E816D42D0C00447430 /* JDPluginInstaller.m */,
				D2E2D2E916D42D0C00447430 /* JDPluginManager.h */,
				D2E2D2EA16D42D0C00447430 /* JDPluginManager.m */,
			);
			name = Classes;
			path = JDListInstalledPlugins;
			sourceTree = "<group>";
		};
		D2813F6B16C11A4B00B2C4A4 /* Utils */ = {
			isa = PBXGroup;
			children = (
				D2E2D2E316D42CF800447430 /* global.h */,
				D2E2D2E416D42CF800447430 /* NSURL+JDPluginManager.h */,
				D2E2D2E516D42CF800447430 /* NSURL+JDPluginManager.m */,
			);
			name = Utils;
			path = JDListInstalledPlugins;
			sourceTree = "<group>";
		};
/* End PBXGroup section */

/* Begin PBXNativeTarget section */
		8D5B49AC048680CD000E48DA /* JDPluginManager */ = {
			isa = PBXNativeTarget;
			buildConfigurationList = 1DEB913A08733D840010E9CD /* Build configuration list for PBXNativeTarget "JDPluginManager" */;
			buildPhases = (
				D277852A16C0589C001711DE /* CopyFiles */,
				8D5B49B1048680CD000E48DA /* Sources */,
				8D5B49B3048680CD000E48DA /* Frameworks */,
			);
			buildRules = (
			);
			dependencies = (
			);
			name = JDPluginManager;
			productInstallPath = "$(HOME)/Library/Bundles";
			productName = QuietXcode;
			productReference = 8D5B49B6048680CD000E48DA /* JDPluginManager.xcplugin */;
			productType = "com.apple.product-type.bundle";
		};
/* End PBXNativeTarget section */

/* Begin PBXProject section */
		089C1669FE841209C02AAC07 /* Project object */ = {
			isa = PBXProject;
			attributes = {
				LastUpgradeCheck = 0440;
			};
			buildConfigurationList = 1DEB913E08733D840010E9CD /* Build configuration list for PBXProject "JDPluginManager" */;
			compatibilityVersion = "Xcode 3.2";
			developmentRegion = English;
			hasScannedForEncodings = 1;
			knownRegions = (
				English,
				Japanese,
				French,
				German,
			);
			mainGroup = 089C166AFE841209C02AAC07 /* QuietXcode */;
			projectDirPath = "";
			projectRoot = "";
			targets = (
				8D5B49AC048680CD000E48DA /* JDPluginManager */,
			);
		};
/* End PBXProject section */

/* Begin PBXSourcesBuildPhase section */
		8D5B49B1048680CD000E48DA /* Sources */ = {
			isa = PBXSourcesBuildPhase;
			buildActionMask = 2147483647;
			files = (
				D2E2D2E616D42CF800447430 /* NSURL+JDPluginManager.m in Sources */,
				D2E2D2EB16D42D0C00447430 /* JDPluginInstaller.m in Sources */,
				D2E2D2EC16D42D0C00447430 /* JDPluginManager.m in Sources */,
			);
			runOnlyForDeploymentPostprocessing = 0;
		};
/* End PBXSourcesBuildPhase section */

/* Begin XCBuildConfiguration section */
		1DEB913B08733D840010E9CD /* Debug */ = {
			isa = XCBuildConfiguration;
			buildSettings = {
				ALWAYS_SEARCH_USER_PATHS = NO;
				COMBINE_HIDPI_IMAGES = YES;
				COPY_PHASE_STRIP = NO;
				DEPLOYMENT_LOCATION = YES;
				DEPLOYMENT_POSTPROCESSING = YES;
				DSTROOT = "$(HOME)";
				GCC_DYNAMIC_NO_PIC = NO;
				GCC_ENABLE_OBJC_GC = supported;
				GCC_MODEL_TUNING = G5;
				GCC_OPTIMIZATION_LEVEL = 0;
				INFOPLIST_FILE = JDPluginManager/Info.plist;
				INSTALL_PATH = "/Library/Application Support/Developer/Shared/Xcode/Plug-ins";
				LD_RUNPATH_SEARCH_PATHS = /Developer;
				PRODUCT_NAME = JDPluginManager;
				STRIP_INSTALLED_PRODUCT = NO;
				WRAPPER_EXTENSION = xcplugin;
			};
			name = Debug;
		};
		1DEB913F08733D840010E9CD /* Debug */ = {
			isa = XCBuildConfiguration;
			buildSettings = {
				ARCHS = "$(ARCHS_STANDARD_32_64_BIT)";
				CURRENT_PROJECT_VERSION = 1.0.1;
				GCC_C_LANGUAGE_STANDARD = c99;
				GCC_OPTIMIZATION_LEVEL = 0;
				GCC_WARN_ABOUT_RETURN_TYPE = YES;
				GCC_WARN_UNUSED_VARIABLE = YES;
				INSTALL_PATH = "$(HOME)/Library/Application Support/Developer/Shared/Xcode/Plug-ins";
				MACOSX_DEPLOYMENT_TARGET = 10.7;
				SDKROOT = macosx;
			};
			name = Debug;
		};
/* End XCBuildConfiguration section */

/* Begin XCConfigurationList section */
		1DEB913A08733D840010E9CD /* Build configuration list for PBXNativeTarget "JDPluginManager" */ = {
			isa = XCConfigurationList;
			buildConfigurations = (
				1DEB913B08733D840010E9CD /* Debug */,
			);
			defaultConfigurationIsVisible = 0;
			defaultConfigurationName = Debug;
		};
		1DEB913E08733D840010E9CD /* Build configuration list for PBXProject "JDPluginManager" */ = {
			isa = XCConfigurationList;
			buildConfigurations = (
				1DEB913F08733D840010E9CD /* Debug */,
			);
			defaultConfigurationIsVisible = 0;
			defaultConfigurationName = Debug;
		};
/* End XCConfigurationList section */
	};
	rootObject = 089C1669FE841209C02AAC07 /* Project object */;
}
