// !$*UTF8*$!
{
	archiveVersion = 1;
	classes = {
	};
	objectVersion = 46;
	objects = {

/* Begin PBXBuildFile section */
		7F2EB89C145057F200E97A87 /* AppKit.framework in Frameworks */ = {isa = PBXBuildFile; fileRef = 7F2EB899145057EA00E97A87 /* AppKit.framework */; };
		D22B0BB316D4310D0035D03B /* Localizable.strings in CopyFiles */ = {isa = PBXBuildFile; fileRef = D2E2D2E216D42CE900447430 /* Localizable.strings */; };
		D237994016EBB62C006F9412 /* JDGitCloneTask.m in Sources */ = {isa = PBXBuildFile; fileRef = D237993116EBB62C006F9412 /* JDGitCloneTask.m */; };
		D237994116EBB62C006F9412 /* JDInstallProgressWindow.m in Sources */ = {isa = PBXBuildFile; fileRef = D237993316EBB62C006F9412 /* JDInstallProgressWindow.m */; };
		D237994216EBB62C006F9412 /* JDPluginInstaller.m in Sources */ = {isa = PBXBuildFile; fileRef = D237993516EBB62C006F9412 /* JDPluginInstaller.m */; };
		D237994316EBB62C006F9412 /* JDPluginManager.m in Sources */ = {isa = PBXBuildFile; fileRef = D237993716EBB62C006F9412 /* JDPluginManager.m */; };
		D237994416EBB62C006F9412 /* JDXcodeBuildTask.m in Sources */ = {isa = PBXBuildFile; fileRef = D237993916EBB62C006F9412 /* JDXcodeBuildTask.m */; };
		D237994616EBB62C006F9412 /* NSTaskWithProgress.m in Sources */ = {isa = PBXBuildFile; fileRef = D237993D16EBB62C006F9412 /* NSTaskWithProgress.m */; };
		D237994716EBB62C006F9412 /* NSURL+JDPluginManager.m in Sources */ = {isa = PBXBuildFile; fileRef = D237993F16EBB62C006F9412 /* NSURL+JDPluginManager.m */; };
		D23E31C116EC0F90001B2086 /* NSFileManager+JDPluginManager.m in Sources */ = {isa = PBXBuildFile; fileRef = D23E31C016EC0F90001B2086 /* NSFileManager+JDPluginManager.m */; };
		D23E31C416EC0FA3001B2086 /* JDPluginMetaData.m in Sources */ = {isa = PBXBuildFile; fileRef = D23E31C316EC0FA3001B2086 /* JDPluginMetaData.m */; };
		DA1B5D020E64686800921439 /* Foundation.framework in Frameworks */ = {isa = PBXBuildFile; fileRef = 089C1672FE841209C02AAC07 /* Foundation.framework */; };
/* End PBXBuildFile section */

/* Begin PBXCopyFilesBuildPhase section */
		D277852A16C0589C001711DE /* CopyFiles */ = {
			isa = PBXCopyFilesBuildPhase;
			buildActionMask = 2147483647;
			dstPath = "";
			dstSubfolderSpec = 7;
			files = (
				D22B0BB316D4310D0035D03B /* Localizable.strings in CopyFiles */,
			);
			runOnlyForDeploymentPostprocessing = 0;
		};
/* End PBXCopyFilesBuildPhase section */

/* Begin PBXFileReference section */
		089C1672FE841209C02AAC07 /* Foundation.framework */ = {isa = PBXFileReference; lastKnownFileType = wrapper.framework; name = Foundation.framework; path = /System/Library/Frameworks/Foundation.framework; sourceTree = "<absolute>"; };
		7F2EB899145057EA00E97A87 /* AppKit.framework */ = {isa = PBXFileReference; lastKnownFileType = wrapper.framework; name = AppKit.framework; path = System/Library/Frameworks/AppKit.framework; sourceTree = SDKROOT; };
		8D5B49B6048680CD000E48DA /* JDPluginManager.xcplugin */ = {isa = PBXFileReference; explicitFileType = wrapper.cfbundle; includeInIndex = 0; path = JDPluginManager.xcplugin; sourceTree = BUILT_PRODUCTS_DIR; };
		D237993016EBB62C006F9412 /* JDGitCloneTask.h */ = {isa = PBXFileReference; fileEncoding = 4; lastKnownFileType = sourcecode.c.h; path = JDGitCloneTask.h; sourceTree = "<group>"; };
		D237993116EBB62C006F9412 /* JDGitCloneTask.m */ = {isa = PBXFileReference; fileEncoding = 4; lastKnownFileType = sourcecode.c.objc; path = JDGitCloneTask.m; sourceTree = "<group>"; };
		D237993216EBB62C006F9412 /* JDInstallProgressWindow.h */ = {isa = PBXFileReference; fileEncoding = 4; lastKnownFileType = sourcecode.c.h; path = JDInstallProgressWindow.h; sourceTree = "<group>"; };
		D237993316EBB62C006F9412 /* JDInstallProgressWindow.m */ = {isa = PBXFileReference; fileEncoding = 4; lastKnownFileType = sourcecode.c.objc; path = JDInstallProgressWindow.m; sourceTree = "<group>"; };
		D237993416EBB62C006F9412 /* JDPluginInstaller.h */ = {isa = PBXFileReference; fileEncoding = 4; lastKnownFileType = sourcecode.c.h; path = JDPluginInstaller.h; sourceTree = "<group>"; };
		D237993516EBB62C006F9412 /* JDPluginInstaller.m */ = {isa = PBXFileReference; fileEncoding = 4; lastKnownFileType = sourcecode.c.objc; path = JDPluginInstaller.m; sourceTree = "<group>"; };
		D237993616EBB62C006F9412 /* JDPluginManager.h */ = {isa = PBXFileReference; fileEncoding = 4; lastKnownFileType = sourcecode.c.h; path = JDPluginManager.h; sourceTree = "<group>"; };
		D237993716EBB62C006F9412 /* JDPluginManager.m */ = {isa = PBXFileReference; fileEncoding = 4; lastKnownFileType = sourcecode.c.objc; path = JDPluginManager.m; sourceTree = "<group>"; };
		D237993816EBB62C006F9412 /* JDXcodeBuildTask.h */ = {isa = PBXFileReference; fileEncoding = 4; lastKnownFileType = sourcecode.c.h; path = JDXcodeBuildTask.h; sourceTree = "<group>"; };
		D237993916EBB62C006F9412 /* JDXcodeBuildTask.m */ = {isa = PBXFileReference; fileEncoding = 4; lastKnownFileType = sourcecode.c.objc; path = JDXcodeBuildTask.m; sourceTree = "<group>"; };
		D237993C16EBB62C006F9412 /* NSTaskWithProgress.h */ = {isa = PBXFileReference; fileEncoding = 4; lastKnownFileType = sourcecode.c.h; path = NSTaskWithProgress.h; sourceTree = "<group>"; };
		D237993D16EBB62C006F9412 /* NSTaskWithProgress.m */ = {isa = PBXFileReference; fileEncoding = 4; lastKnownFileType = sourcecode.c.objc; path = NSTaskWithProgress.m; sourceTree = "<group>"; };
		D237993E16EBB62C006F9412 /* NSURL+JDPluginManager.h */ = {isa = PBXFileReference; fileEncoding = 4; lastKnownFileType = sourcecode.c.h; path = "NSURL+JDPluginManager.h"; sourceTree = "<group>"; };
		D237993F16EBB62C006F9412 /* NSURL+JDPluginManager.m */ = {isa = PBXFileReference; fileEncoding = 4; lastKnownFileType = sourcecode.c.objc; path = "NSURL+JDPluginManager.m"; sourceTree = "<group>"; };
		D23E31BF16EC0F90001B2086 /* NSFileManager+JDPluginManager.h */ = {isa = PBXFileReference; fileEncoding = 4; lastKnownFileType = sourcecode.c.h; path = "NSFileManager+JDPluginManager.h"; sourceTree = "<group>"; };
		D23E31C016EC0F90001B2086 /* NSFileManager+JDPluginManager.m */ = {isa = PBXFileReference; fileEncoding = 4; lastKnownFileType = sourcecode.c.objc; path = "NSFileManager+JDPluginManager.m"; sourceTree = "<group>"; };
		D23E31C216EC0FA3001B2086 /* JDPluginMetaData.h */ = {isa = PBXFileReference; fileEncoding = 4; lastKnownFileType = sourcecode.c.h; path = JDPluginMetaData.h; sourceTree = "<group>"; };
		D23E31C316EC0FA3001B2086 /* JDPluginMetaData.m */ = {isa = PBXFileReference; fileEncoding = 4; lastKnownFileType = sourcecode.c.objc; path = JDPluginMetaData.m; sourceTree = "<group>"; };
		D2E2D2E016D42CCC00447430 /* Info.plist */ = {isa = PBXFileReference; lastKnownFileType = text.plist.xml; name = Info.plist; path = JDPluginManager/Info.plist; sourceTree = "<group>"; };
		D2E2D2E216D42CE900447430 /* Localizable.strings */ = {isa = PBXFileReference; fileEncoding = 4; lastKnownFileType = text.plist.strings; name = Localizable.strings; path = JDPluginManager/Localizable.strings; sourceTree = "<group>"; };
		D2E2D2E316D42CF800447430 /* global.h */ = {isa = PBXFileReference; fileEncoding = 4; lastKnownFileType = sourcecode.c.h; name = global.h; path = JDPluginManager/global.h; sourceTree = SOURCE_ROOT; };
/* End PBXFileReference section */

/* Begin PBXFrameworksBuildPhase section */
		8D5B49B3048680CD000E48DA /* Frameworks */ = {
			isa = PBXFrameworksBuildPhase;
			buildActionMask = 2147483647;
			files = (
				DA1B5D020E64686800921439 /* Foundation.framework in Frameworks */,
				7F2EB89C145057F200E97A87 /* AppKit.framework in Frameworks */,
			);
			runOnlyForDeploymentPostprocessing = 0;
		};
/* End PBXFrameworksBuildPhase section */

/* Begin PBXGroup section */
		089C166AFE841209C02AAC07 /* QuietXcode */ = {
			isa = PBXGroup;
			children = (
				D2E2D2E016D42CCC00447430 /* Info.plist */,
				D237992F16EBB62C006F9412 /* Classes */,
				089C1671FE841209C02AAC07 /* Frameworks and Libraries */,
				19C28FB8FE9D52D311CA2CBB /* Products */,
			);
			name = QuietXcode;
			sourceTree = "<group>";
		};
		089C1671FE841209C02AAC07 /* Frameworks and Libraries */ = {
			isa = PBXGroup;
			children = (
				7F2EB899145057EA00E97A87 /* AppKit.framework */,
				089C1672FE841209C02AAC07 /* Foundation.framework */,
			);
			name = "Frameworks and Libraries";
			sourceTree = "<group>";
		};
		089C167CFE841241C02AAC07 /* Localization */ = {
			isa = PBXGroup;
			children = (
				D2E2D2E316D42CF800447430 /* global.h */,
				D2E2D2E216D42CE900447430 /* Localizable.strings */,
			);
			name = Localization;
			path = ../..;
			sourceTree = "<group>";
		};
		19C28FB8FE9D52D311CA2CBB /* Products */ = {
			isa = PBXGroup;
			children = (
				8D5B49B6048680CD000E48DA /* JDPluginManager.xcplugin */,
			);
			name = Products;
			sourceTree = "<group>";
		};
		D237992F16EBB62C006F9412 /* Classes */ = {
			isa = PBXGroup;
			children = (
				089C167CFE841241C02AAC07 /* Localization */,
				D237994B16EBB6BE006F9412 /* Plugin Logic */,
				D237994916EBB676006F9412 /* UI */,
				D237994A16EBB69E006F9412 /* Extensions */,
				D237994816EBB665006F9412 /* Tasks */,
			);
			name = Classes;
			path = JDPluginManager/Classes;
			sourceTree = "<group>";
		};
		D237994816EBB665006F9412 /* Tasks */ = {
			isa = PBXGroup;
			children = (
				D237993016EBB62C006F9412 /* JDGitCloneTask.h */,
				D237993116EBB62C006F9412 /* JDGitCloneTask.m */,
				D237993816EBB62C006F9412 /* JDXcodeBuildTask.h */,
				D237993916EBB62C006F9412 /* JDXcodeBuildTask.m */,
				D237993C16EBB62C006F9412 /* NSTaskWithProgress.h */,
				D237993D16EBB62C006F9412 /* NSTaskWithProgress.m */,
			);
			name = Tasks;
			sourceTree = "<group>";
		};
		D237994916EBB676006F9412 /* UI */ = {
			isa = PBXGroup;
			children = (
				D237993216EBB62C006F9412 /* JDInstallProgressWindow.h */,
				D237993316EBB62C006F9412 /* JDInstallProgressWindow.m */,
			);
			name = UI;
			sourceTree = "<group>";
		};
		D237994A16EBB69E006F9412 /* Extensions */ = {
			isa = PBXGroup;
			children = (
				D237993E16EBB62C006F9412 /* NSURL+JDPluginManager.h */,
				D237993F16EBB62C006F9412 /* NSURL+JDPluginManager.m */,
				D23E31BF16EC0F90001B2086 /* NSFileManager+JDPluginManager.h */,
				D23E31C016EC0F90001B2086 /* NSFileManager+JDPluginManager.m */,
			);
			name = Extensions;
			sourceTree = "<group>";
		};
		D237994B16EBB6BE006F9412 /* Plugin Logic */ = {
			isa = PBXGroup;
			children = (
				D237993416EBB62C006F9412 /* JDPluginInstaller.h */,
				D237993516EBB62C006F9412 /* JDPluginInstaller.m */,
				D237993616EBB62C006F9412 /* JDPluginManager.h */,
				D237993716EBB62C006F9412 /* JDPluginManager.m */,
				D23E31C216EC0FA3001B2086 /* JDPluginMetaData.h */,
				D23E31C316EC0FA3001B2086 /* JDPluginMetaData.m */,
			);
			name = "Plugin Logic";
			sourceTree = "<group>";
		};
/* End PBXGroup section */

/* Begin PBXNativeTarget section */
		8D5B49AC048680CD000E48DA /* JDPluginManager */ = {
			isa = PBXNativeTarget;
			buildConfigurationList = 1DEB913A08733D840010E9CD /* Build configuration list for PBXNativeTarget "JDPluginManager" */;
			buildPhases = (
				D277852A16C0589C001711DE /* CopyFiles */,
				8D5B49B1048680CD000E48DA /* Sources */,
				8D5B49B3048680CD000E48DA /* Frameworks */,
			);
			buildRules = (
			);
			dependencies = (
			);
			name = JDPluginManager;
			productInstallPath = "$(HOME)/Library/Bundles";
			productName = QuietXcode;
			productReference = 8D5B49B6048680CD000E48DA /* JDPluginManager.xcplugin */;
			productType = "com.apple.product-type.bundle";
		};
/* End PBXNativeTarget section */

/* Begin PBXProject section */
		089C1669FE841209C02AAC07 /* Project object */ = {
			isa = PBXProject;
			attributes = {
				LastUpgradeCheck = 0510;
			};
			buildConfigurationList = 1DEB913E08733D840010E9CD /* Build configuration list for PBXProject "JDPluginManager" */;
			compatibilityVersion = "Xcode 3.2";
			developmentRegion = English;
			hasScannedForEncodings = 1;
			knownRegions = (
				English,
				Japanese,
				French,
				German,
			);
			mainGroup = 089C166AFE841209C02AAC07 /* QuietXcode */;
			projectDirPath = "";
			projectRoot = "";
			targets = (
				8D5B49AC048680CD000E48DA /* JDPluginManager */,
			);
		};
/* End PBXProject section */

/* Begin PBXSourcesBuildPhase section */
		8D5B49B1048680CD000E48DA /* Sources */ = {
			isa = PBXSourcesBuildPhase;
			buildActionMask = 2147483647;
			files = (
				D237994016EBB62C006F9412 /* JDGitCloneTask.m in Sources */,
				D237994116EBB62C006F9412 /* JDInstallProgressWindow.m in Sources */,
				D237994216EBB62C006F9412 /* JDPluginInstaller.m in Sources */,
				D237994316EBB62C006F9412 /* JDPluginManager.m in Sources */,
				D237994416EBB62C006F9412 /* JDXcodeBuildTask.m in Sources */,
				D237994616EBB62C006F9412 /* NSTaskWithProgress.m in Sources */,
				D237994716EBB62C006F9412 /* NSURL+JDPluginManager.m in Sources */,
				D23E31C116EC0F90001B2086 /* NSFileManager+JDPluginManager.m in Sources */,
				D23E31C416EC0FA3001B2086 /* JDPluginMetaData.m in Sources */,
			);
			runOnlyForDeploymentPostprocessing = 0;
		};
/* End PBXSourcesBuildPhase section */

/* Begin XCBuildConfiguration section */
		1DEB913B08733D840010E9CD /* Debug */ = {
			isa = XCBuildConfiguration;
			buildSettings = {
				ALWAYS_SEARCH_USER_PATHS = NO;
				CLANG_ENABLE_OBJC_ARC = YES;
				COMBINE_HIDPI_IMAGES = YES;
				COPY_PHASE_STRIP = NO;
				DEPLOYMENT_LOCATION = YES;
				DEPLOYMENT_POSTPROCESSING = YES;
				DSTROOT = "$(HOME)";
				GCC_DYNAMIC_NO_PIC = NO;
				GCC_ENABLE_OBJC_GC = unsupported;
				GCC_MODEL_TUNING = G5;
				GCC_OPTIMIZATION_LEVEL = 0;
				INFOPLIST_FILE = JDPluginManager/Info.plist;
				INSTALL_PATH = "/Library/Application Support/Developer/Shared/Xcode/Plug-ins";
				LD_RUNPATH_SEARCH_PATHS = /Developer;
				PRODUCT_NAME = JDPluginManager;
				STRIP_INSTALLED_PRODUCT = NO;
				WRAPPER_EXTENSION = xcplugin;
			};
			name = Debug;
		};
		1DEB913F08733D840010E9CD /* Debug */ = {
			isa = XCBuildConfiguration;
			buildSettings = {
				CURRENT_PROJECT_VERSION = 1.0.1;
				GCC_C_LANGUAGE_STANDARD = c99;
				GCC_OPTIMIZATION_LEVEL = 0;
				GCC_WARN_ABOUT_RETURN_TYPE = YES;
				GCC_WARN_UNUSED_VARIABLE = YES;
				INSTALL_PATH = "$(HOME)/Library/Application Support/Developer/Shared/Xcode/Plug-ins";
				MACOSX_DEPLOYMENT_TARGET = 10.7;
				ONLY_ACTIVE_ARCH = YES;
				SDKROOT = macosx;
			};
			name = Debug;
		};
/* End XCBuildConfiguration section */

/* Begin XCConfigurationList section */
		1DEB913A08733D840010E9CD /* Build configuration list for PBXNativeTarget "JDPluginManager" */ = {
			isa = XCConfigurationList;
			buildConfigurations = (
				1DEB913B08733D840010E9CD /* Debug */,
			);
			defaultConfigurationIsVisible = 0;
			defaultConfigurationName = Debug;
		};
		1DEB913E08733D840010E9CD /* Build configuration list for PBXProject "JDPluginManager" */ = {
			isa = XCConfigurationList;
			buildConfigurations = (
				1DEB913F08733D840010E9CD /* Debug */,
			);
			defaultConfigurationIsVisible = 0;
			defaultConfigurationName = Debug;
		};
/* End XCConfigurationList section */
	};
	rootObject = 089C1669FE841209C02AAC07 /* Project object */;
}
